<?xml version="1.0" encoding="utf-8"?>
<Project ToolsVersion="4.0" xmlns="http://schemas.microsoft.com/developer/msbuild/2003">
  <ItemGroup>
    <Filter Include="소스 파일">
      <UniqueIdentifier>{4FC737F1-C7A5-4376-A066-2A32D752A2FF}</UniqueIdentifier>
      <Extensions>cpp;c;cc;cxx;c++;cppm;ixx;def;odl;idl;hpj;bat;asm;asmx</Extensions>
    </Filter>
    <Filter Include="헤더 파일">
      <UniqueIdentifier>{93995380-89BD-4b04-88EB-625FBE52EBFB}</UniqueIdentifier>
      <Extensions>h;hh;hpp;hxx;h++;hm;inl;inc;ipp;xsd</Extensions>
    </Filter>
    <Filter Include="리소스 파일">
      <UniqueIdentifier>{67DA6AB6-F800-4c08-8B7A-83BB121AAD01}</UniqueIdentifier>
      <Extensions>rc;ico;cur;bmp;dlg;rc2;rct;bin;rgs;gif;jpg;jpeg;jpe;resx;tiff;tif;png;wav;mfcribbon-ms</Extensions>
    </Filter>
  </ItemGroup>
  <ItemGroup>
    <ClCompile Include="Main.cpp">
      <Filter>소스 파일</Filter>
    </ClCompile>
    <ClCompile Include="Core\Api\HearthstoneApi.cpp">
      <Filter>소스 파일</Filter>
    </ClCompile>
    <ClCompile Include="Core\Api\ApiConnection.cpp">
      <Filter>소스 파일</Filter>
    </ClCompile>
    <ClCompile Include="Core\Api\HearthstoneApiAuth.cpp">
      <Filter>소스 파일</Filter>
    </ClCompile>
    <ClCompile Include="Core\Api\Request.cpp">
      <Filter>소스 파일</Filter>
    </ClCompile>
    <ClCompile Include="Model\Card\CardSpecRepository.cpp">
      <Filter>소스 파일</Filter>
    </ClCompile>
    <ClCompile Include="Model\Card\CardFactory.cpp">
      <Filter>소스 파일</Filter>
    </ClCompile>
    <ClCompile Include="Model\Card\Card.cpp">
      <Filter>소스 파일</Filter>
    </ClCompile>
    <ClCompile Include="Model\Player\Deck.cpp">
      <Filter>소스 파일</Filter>
    </ClCompile>
    <ClCompile Include="Core\Api\SocketPool.cpp">
      <Filter>소스 파일</Filter>
    </ClCompile>
    <ClCompile Include="Model\Card\MinionStatDecoratorEmpty.cpp">
      <Filter>소스 파일</Filter>
    </ClCompile>
    <ClCompile Include="Model\Card\IMinionStatDecorator.cpp">
      <Filter>소스 파일</Filter>
    </ClCompile>
    <ClCompile Include="Model\Card\MinionStatDecoratorModifier.cpp">
      <Filter>소스 파일</Filter>
    </ClCompile>
    <ClCompile Include="Model\Card\MinionStatDecoratorSilence.cpp">
      <Filter>소스 파일</Filter>
    </ClCompile>
    <ClCompile Include="Model\Card\MinionStat.cpp">
      <Filter>소스 파일</Filter>
    </ClCompile>
    <ClCompile Include="Model\Card\Minion.h">
      <Filter>소스 파일</Filter>
    </ClCompile>
    <ClCompile Include="Model\Card\ICardStatDecorator.cpp">
      <Filter>소스 파일</Filter>
    </ClCompile>
    <ClCompile Include="Model\Card\CardStatDecoratorModify.cpp">
      <Filter>소스 파일</Filter>
    </ClCompile>
    <ClCompile Include="Model\Card\CardStatDecoratorVanilla.cpp">
      <Filter>소스 파일</Filter>
    </ClCompile>
    <ClCompile Include="Model\Card\CardStat.cpp">
      <Filter>소스 파일</Filter>
    </ClCompile>
    <ClCompile Include="Model\Card\Minion.cpp">
      <Filter>소스 파일</Filter>
    </ClCompile>
    <ClCompile Include="Model\Player\Field.cpp">
      <Filter>소스 파일</Filter>
    </ClCompile>
    <ClCompile Include="Model\Player\Hand.cpp">
      <Filter>소스 파일</Filter>
    </ClCompile>
  </ItemGroup>
  <ItemGroup>
    <ClInclude Include="Core\Api\HearthstoneApi.h">
      <Filter>헤더 파일</Filter>
    </ClInclude>
    <ClInclude Include="Core\Api\ApiConnection.h">
      <Filter>헤더 파일</Filter>
    </ClInclude>
    <ClInclude Include="Model\Card\CardSpec.h">
      <Filter>헤더 파일</Filter>
    </ClInclude>
    <ClInclude Include="Core\Api\HearthstoneApiAuth.h">
      <Filter>헤더 파일</Filter>
    </ClInclude>
    <ClInclude Include="Core\Api\Request.h">
      <Filter>헤더 파일</Filter>
    </ClInclude>
    <ClInclude Include="Model\Player\Deck.h">
      <Filter>헤더 파일</Filter>
    </ClInclude>
    <ClInclude Include="Model\Card\Card.h">
      <Filter>헤더 파일</Filter>
    </ClInclude>
    <ClInclude Include="Model\Card\CardFactory.h">
      <Filter>헤더 파일</Filter>
    </ClInclude>
    <ClInclude Include="Model\Card\CardSpecRepository.h">
      <Filter>헤더 파일</Filter>
    </ClInclude>
    <ClInclude Include="Core\Api\SocketPool.h">
      <Filter>헤더 파일</Filter>
    </ClInclude>
    <ClInclude Include="Model\Card\IMinionStatDecorator.h">
      <Filter>헤더 파일</Filter>
    </ClInclude>
    <ClInclude Include="Model\Card\MinionStatDecoratorEmpty.h">
      <Filter>헤더 파일</Filter>
    </ClInclude>
    <ClInclude Include="Model\Card\MinionStatDecoratorModifier.h">
      <Filter>헤더 파일</Filter>
    </ClInclude>
    <ClInclude Include="Model\Card\MinionStatDecoratorSilence.h">
      <Filter>헤더 파일</Filter>
    </ClInclude>
    <ClInclude Include="Model\Card\MinionStat.h">
      <Filter>헤더 파일</Filter>
    </ClInclude>
    <ClInclude Include="Model\Player\Field.h">
      <Filter>헤더 파일</Filter>
    </ClInclude>
    <ClInclude Include="Model\Card\CardStat.h">
      <Filter>헤더 파일</Filter>
    </ClInclude>
    <ClInclude Include="Model\Card\ICardStatDecorator.h">
      <Filter>헤더 파일</Filter>
    </ClInclude>
    <ClInclude Include="Model\Card\CardStatDecoratorModify.h">
      <Filter>헤더 파일</Filter>
    </ClInclude>
    <ClInclude Include="Model\Card\CardStatDecoratorVanilla.h">
      <Filter>헤더 파일</Filter>
    </ClInclude>
    <ClInclude Include="Model\Card\IPlaceable.h">
      <Filter>헤더 파일</Filter>
    </ClInclude>
    <ClInclude Include="Model\Player\Player.h">
      <Filter>헤더 파일</Filter>
    </ClInclude>
    <ClInclude Include="Model\Player\Hand.h">
      <Filter>헤더 파일</Filter>
    </ClInclude>
  </ItemGroup>
  <ItemGroup>
    <None Include="packages.config" />
  </ItemGroup>
</Project>