<?xml version="1.0" encoding="utf-8"?>
<Project ToolsVersion="4.0" xmlns="http://schemas.microsoft.com/developer/msbuild/2003">
  <ItemGroup>
    <Filter Include="소스 파일">
      <UniqueIdentifier>{4FC737F1-C7A5-4376-A066-2A32D752A2FF}</UniqueIdentifier>
      <Extensions>cpp;c;cc;cxx;c++;cppm;ixx;def;odl;idl;hpj;bat;asm;asmx</Extensions>
    </Filter>
    <Filter Include="헤더 파일">
      <UniqueIdentifier>{93995380-89BD-4b04-88EB-625FBE52EBFB}</UniqueIdentifier>
      <Extensions>h;hh;hpp;hxx;h++;hm;inl;inc;ipp;xsd</Extensions>
    </Filter>
    <Filter Include="리소스 파일">
      <UniqueIdentifier>{67DA6AB6-F800-4c08-8B7A-83BB121AAD01}</UniqueIdentifier>
      <Extensions>rc;ico;cur;bmp;dlg;rc2;rct;bin;rgs;gif;jpg;jpeg;jpe;resx;tiff;tif;png;wav;mfcribbon-ms</Extensions>
    </Filter>
  </ItemGroup>
  <ItemGroup>
    <ClCompile Include="Main.cpp">
      <Filter>소스 파일</Filter>
    </ClCompile>
    <ClCompile Include="Sources\NyvuxStone\Core\Api\HearthstoneApi.cpp">
      <Filter>소스 파일</Filter>
    </ClCompile>
    <ClCompile Include="Sources\NyvuxStone\Core\Api\ApiConnection.cpp">
      <Filter>소스 파일</Filter>
    </ClCompile>
    <ClCompile Include="Sources\NyvuxStone\Core\Api\HearthstoneApiAuth.cpp">
      <Filter>소스 파일</Filter>
    </ClCompile>
    <ClCompile Include="Sources\NyvuxStone\Core\Api\Request.cpp">
      <Filter>소스 파일</Filter>
    </ClCompile>
    <ClCompile Include="Sources\NyvuxStone\Model\Card\CardSpecRepository.cpp">
      <Filter>소스 파일</Filter>
    </ClCompile>
    <ClCompile Include="Sources\NyvuxStone\Model\Card\CardFactory.cpp">
      <Filter>소스 파일</Filter>
    </ClCompile>
    <ClCompile Include="Sources\NyvuxStone\Model\Card\Card.cpp">
      <Filter>소스 파일</Filter>
    </ClCompile>
    <ClCompile Include="Sources\NyvuxStone\Model\Player\Deck.cpp">
      <Filter>소스 파일</Filter>
    </ClCompile>
    <ClCompile Include="Sources\NyvuxStone\Core\Api\SocketPool.cpp">
      <Filter>소스 파일</Filter>
    </ClCompile>
    <ClCompile Include="Sources\NyvuxStone\Core\Game\Decorator\MinionStat\MinionStatDecoratorBase.cpp">
      <Filter>소스 파일</Filter>
    </ClCompile>
    <ClCompile Include="Sources\NyvuxStone\Core\Game\Decorator\MinionStat\MinionStatDecoratorModify.cpp">
      <Filter>소스 파일</Filter>
    </ClCompile>
    <ClCompile Include="Sources\NyvuxStone\Core\Game\Decorator\MinionStat\MinionStatDecoratorSilence.cpp">
      <Filter>소스 파일</Filter>
    </ClCompile>
    <ClCompile Include="Sources\NyvuxStone\Model\Card\MinionStat.cpp">
      <Filter>소스 파일</Filter>
    </ClCompile>
    <ClCompile Include="Includes\NyvuxStone\Model\Card\Minion.h">
      <Filter>소스 파일</Filter>
    </ClCompile>
    <ClCompile Include="Sources\NyvuxStone\Core\Game\Decorator\CardStat\ICardStatDecorator.cpp">
      <Filter>소스 파일</Filter>
    </ClCompile>
    <ClCompile Include="Sources\NyvuxStone\Core\Game\Decorator\CardStat\CardStatDecoratorModify.cpp">
      <Filter>소스 파일</Filter>
    </ClCompile>
    <ClCompile Include="Sources\NyvuxStone\Core\Game\Decorator\CardStat\CardStatDecoratorVanilla.cpp">
      <Filter>소스 파일</Filter>
    </ClCompile>
    <ClCompile Include="Sources\NyvuxStone\Model\Card\CardStat.cpp">
      <Filter>소스 파일</Filter>
    </ClCompile>
    <ClCompile Include="Sources\NyvuxStone\Model\Card\Minion.cpp">
      <Filter>소스 파일</Filter>
    </ClCompile>
    <ClCompile Include="Sources\NyvuxStone\Model\Player\Field.cpp">
      <Filter>소스 파일</Filter>
    </ClCompile>
    <ClCompile Include="Sources\NyvuxStone\Model\Player\Hand.cpp">
      <Filter>소스 파일</Filter>
    </ClCompile>
    <ClCompile Include="Sources\NyvuxStone\Model\Player\Player.cpp">
      <Filter>소스 파일</Filter>
    </ClCompile>
    <ClCompile Include="Sources\NyvuxStone\Model\Player\PlayerException.cpp">
      <Filter>소스 파일</Filter>
    </ClCompile>
    <ClCompile Include="Sources\NyvuxStone\Model\Card\AbstractPlaceableCard.cpp">
      <Filter>소스 파일</Filter>
    </ClCompile>
    <ClCompile Include="Sources\NyvuxStone\Core\Game\Game.cpp">
      <Filter>소스 파일</Filter>
    </ClCompile>
    <ClCompile Include="Sources\NyvuxStone\View\UserInteraction.cpp">
      <Filter>소스 파일</Filter>
    </ClCompile>
    <ClCompile Include="Sources\NyvuxStone\Core\Game\GameMediator.cpp">
      <Filter>소스 파일</Filter>
    </ClCompile>
    <ClCompile Include="Sources\NyvuxStone\Model\Event\ModifyMinionStatCommand.cpp">
      <Filter>소스 파일</Filter>
    </ClCompile>
    <ClCompile Include="Sources\NyvuxStone\Model\Event\EventListener.cpp">
      <Filter>소스 파일</Filter>
    </ClCompile>
    <ClCompile Include="Sources\NyvuxStone\Core\Game\Decorator\MinionStat\MinionStatDecoratorTaunt.cpp">
      <Filter>소스 파일</Filter>
    </ClCompile>
  </ItemGroup>
  <ItemGroup>
    <ClInclude Include="Includes\NyvuxStone\Core\Api\HearthstoneApi.h">
      <Filter>헤더 파일</Filter>
    </ClInclude>
    <ClInclude Include="Includes\NyvuxStone\Core\Api\ApiConnection.h">
      <Filter>헤더 파일</Filter>
    </ClInclude>
    <ClInclude Include="Includes\NyvuxStone\Model\Card\CardSpec.h">
      <Filter>헤더 파일</Filter>
    </ClInclude>
    <ClInclude Include="Includes\NyvuxStone\Core\Api\HearthstoneApiAuth.h">
      <Filter>헤더 파일</Filter>
    </ClInclude>
    <ClInclude Include="Includes\NyvuxStone\Core\Api\Request.h">
      <Filter>헤더 파일</Filter>
    </ClInclude>
    <ClInclude Include="Includes\NyvuxStone\Model\Player\Deck.h">
      <Filter>헤더 파일</Filter>
    </ClInclude>
    <ClInclude Include="Includes\NyvuxStone\Model\Card\Card.h">
      <Filter>헤더 파일</Filter>
    </ClInclude>
    <ClInclude Include="Includes\NyvuxStone\Model\Card\CardFactory.h">
      <Filter>헤더 파일</Filter>
    </ClInclude>
    <ClInclude Include="Includes\NyvuxStone\Model\Card\CardSpecRepository.h">
      <Filter>헤더 파일</Filter>
    </ClInclude>
    <ClInclude Include="Includes\NyvuxStone\Core\Api\SocketPool.h">
      <Filter>헤더 파일</Filter>
    </ClInclude>
    <ClInclude Include="Includes\NyvuxStone\Core\Game\Decorator\MinionStat\MinionStatDecoratorBase.h">
      <Filter>헤더 파일</Filter>
    </ClInclude>
    <ClInclude Include="Includes\NyvuxStone\Core\Game\Decorator\MinionStat\MinionStatDecoratorModify.h">
      <Filter>헤더 파일</Filter>
    </ClInclude>
    <ClInclude Include="Includes\NyvuxStone\Core\Game\Decorator\MinionStat\MinionStatDecoratorSilence.h">
      <Filter>헤더 파일</Filter>
    </ClInclude>
    <ClInclude Include="Includes\NyvuxStone\Model\Card\MinionStat.h">
      <Filter>헤더 파일</Filter>
    </ClInclude>
    <ClInclude Include="Includes\NyvuxStone\Model\Player\Field.h">
      <Filter>헤더 파일</Filter>
    </ClInclude>
    <ClInclude Include="Includes\NyvuxStone\Model\Card\CardStat.h">
      <Filter>헤더 파일</Filter>
    </ClInclude>
    <ClInclude Include="Includes\NyvuxStone\Core\Game\Decorator\CardStat\ICardStatDecorator.h">
      <Filter>헤더 파일</Filter>
    </ClInclude>
    <ClInclude Include="Includes\NyvuxStone\Core\Game\Decorator\CardStat\CardStatDecoratorModify.h">
      <Filter>헤더 파일</Filter>
    </ClInclude>
    <ClInclude Include="Includes\NyvuxStone\Core\Game\Decorator\CardStat\CardStatDecoratorVanilla.h">
      <Filter>헤더 파일</Filter>
    </ClInclude>
    <ClInclude Include="Includes\NyvuxStone\Model\Card\AbstractPlaceableCard.h">
      <Filter>헤더 파일</Filter>
    </ClInclude>
    <ClInclude Include="Includes\NyvuxStone\Model\Player\Player.h">
      <Filter>헤더 파일</Filter>
    </ClInclude>
    <ClInclude Include="Includes\NyvuxStone\Model\Player\Hand.h">
      <Filter>헤더 파일</Filter>
    </ClInclude>
    <ClInclude Include="Includes\NyvuxStone\Model\Player\PlayerException.h">
      <Filter>헤더 파일</Filter>
    </ClInclude>
    <ClInclude Include="Includes\NyvuxStone\Core\Game\GameMediator.h">
      <Filter>헤더 파일</Filter>
    </ClInclude>
    <ClInclude Include="Includes\NyvuxStone\Core\Game\Game.h">
      <Filter>헤더 파일</Filter>
    </ClInclude>
    <ClInclude Include="Includes\NyvuxStone\View\UserInteraction.h">
      <Filter>헤더 파일</Filter>
    </ClInclude>
    <ClInclude Include="Includes\NyvuxStone\Model\Event\ModifyMinionStatCommand.h">
      <Filter>헤더 파일</Filter>
    </ClInclude>
    <ClInclude Include="Includes\NyvuxStone\Model\Event\EventListener.h">
      <Filter>헤더 파일</Filter>
    </ClInclude>
    <ClInclude Include="Includes\NyvuxStone\Model\Event\Event.h">
      <Filter>헤더 파일</Filter>
    </ClInclude>
    <ClInclude Include="Includes\NyvuxStone\Model\Event\ICommand.h">
      <Filter>헤더 파일</Filter>
    </ClInclude>
    <ClInclude Include="Includes\NyvuxStone\Core\Game\Decorator\MinionStat\MinionStatDecoratorTaunt.h">
      <Filter>헤더 파일</Filter>
    </ClInclude>
  </ItemGroup>
  <ItemGroup>
    <None Include="packages.config" />
  </ItemGroup>
</Project>